
Microsoft Visual Studio Solution File, Format Version 12.00
Project("{FAE04EC0-301F-11D3-BF4B-00C04F79EFBC}") = "Day1", "Day1\Day1.csproj", "{F53B9B46-10A6-4CE8-ACAE-4EEFF81EC41A}"
EndProject
Project("{FAE04EC0-301F-11D3-BF4B-00C04F79EFBC}") = "Day2", "Day2\Day2.csproj", "{96B3B224-B329-453B-A3C7-A41F4F6A88D4}"
EndProject
Project("{FAE04EC0-301F-11D3-BF4B-00C04F79EFBC}") = "Day3", "Day3\Day3.csproj", "{A9F01791-4E0E-4545-8573-870AAF4E1911}"
EndProject
Project("{FAE04EC0-301F-11D3-BF4B-00C04F79EFBC}") = "Day4", "Day4\Day4.csproj", "{F8E51F01-E2E4-4BEF-AB95-DB8634A5AF5A}"
EndProject
Project("{FAE04EC0-301F-11D3-BF4B-00C04F79EFBC}") = "Day5", "Day5\Day5.csproj", "{B75A2E52-2BE4-4AF4-9F6B-A86D5BA1804F}"
EndProject
Project("{FAE04EC0-301F-11D3-BF4B-00C04F79EFBC}") = "Day6", "Day6\Day6.csproj", "{E20B3A7D-C927-48D0-A0FF-F21CE9FB14E9}"
EndProject
Project("{FAE04EC0-301F-11D3-BF4B-00C04F79EFBC}") = "Day7", "Day7\Day7.csproj", "{24C2323A-56B9-45EF-BDF1-006D5488B8FC}"
EndProject
Project("{FAE04EC0-301F-11D3-BF4B-00C04F79EFBC}") = "Day8", "Day8\Day8.csproj", "{2135AD72-004A-4627-A623-F68FC91C9C92}"
EndProject
Global
	GlobalSection(SolutionConfigurationPlatforms) = preSolution
		Debug|Any CPU = Debug|Any CPU
		Release|Any CPU = Release|Any CPU
	EndGlobalSection
	GlobalSection(ProjectConfigurationPlatforms) = postSolution
		{F53B9B46-10A6-4CE8-ACAE-4EEFF81EC41A}.Debug|Any CPU.ActiveCfg = Debug|Any CPU
		{F53B9B46-10A6-4CE8-ACAE-4EEFF81EC41A}.Debug|Any CPU.Build.0 = Debug|Any CPU
		{F53B9B46-10A6-4CE8-ACAE-4EEFF81EC41A}.Release|Any CPU.ActiveCfg = Release|Any CPU
		{F53B9B46-10A6-4CE8-ACAE-4EEFF81EC41A}.Release|Any CPU.Build.0 = Release|Any CPU
		{96B3B224-B329-453B-A3C7-A41F4F6A88D4}.Debug|Any CPU.ActiveCfg = Debug|Any CPU
		{96B3B224-B329-453B-A3C7-A41F4F6A88D4}.Debug|Any CPU.Build.0 = Debug|Any CPU
		{96B3B224-B329-453B-A3C7-A41F4F6A88D4}.Release|Any CPU.ActiveCfg = Release|Any CPU
		{96B3B224-B329-453B-A3C7-A41F4F6A88D4}.Release|Any CPU.Build.0 = Release|Any CPU
		{A9F01791-4E0E-4545-8573-870AAF4E1911}.Debug|Any CPU.ActiveCfg = Debug|Any CPU
		{A9F01791-4E0E-4545-8573-870AAF4E1911}.Debug|Any CPU.Build.0 = Debug|Any CPU
		{A9F01791-4E0E-4545-8573-870AAF4E1911}.Release|Any CPU.ActiveCfg = Release|Any CPU
		{A9F01791-4E0E-4545-8573-870AAF4E1911}.Release|Any CPU.Build.0 = Release|Any CPU
		{F8E51F01-E2E4-4BEF-AB95-DB8634A5AF5A}.Debug|Any CPU.ActiveCfg = Debug|Any CPU
		{F8E51F01-E2E4-4BEF-AB95-DB8634A5AF5A}.Debug|Any CPU.Build.0 = Debug|Any CPU
		{F8E51F01-E2E4-4BEF-AB95-DB8634A5AF5A}.Release|Any CPU.ActiveCfg = Release|Any CPU
		{F8E51F01-E2E4-4BEF-AB95-DB8634A5AF5A}.Release|Any CPU.Build.0 = Release|Any CPU
		{B75A2E52-2BE4-4AF4-9F6B-A86D5BA1804F}.Debug|Any CPU.ActiveCfg = Debug|Any CPU
		{B75A2E52-2BE4-4AF4-9F6B-A86D5BA1804F}.Debug|Any CPU.Build.0 = Debug|Any CPU
		{B75A2E52-2BE4-4AF4-9F6B-A86D5BA1804F}.Release|Any CPU.ActiveCfg = Release|Any CPU
		{B75A2E52-2BE4-4AF4-9F6B-A86D5BA1804F}.Release|Any CPU.Build.0 = Release|Any CPU
		{E20B3A7D-C927-48D0-A0FF-F21CE9FB14E9}.Debug|Any CPU.ActiveCfg = Debug|Any CPU
		{E20B3A7D-C927-48D0-A0FF-F21CE9FB14E9}.Debug|Any CPU.Build.0 = Debug|Any CPU
		{E20B3A7D-C927-48D0-A0FF-F21CE9FB14E9}.Release|Any CPU.ActiveCfg = Release|Any CPU
		{E20B3A7D-C927-48D0-A0FF-F21CE9FB14E9}.Release|Any CPU.Build.0 = Release|Any CPU
		{24C2323A-56B9-45EF-BDF1-006D5488B8FC}.Debug|Any CPU.ActiveCfg = Debug|Any CPU
		{24C2323A-56B9-45EF-BDF1-006D5488B8FC}.Debug|Any CPU.Build.0 = Debug|Any CPU
		{24C2323A-56B9-45EF-BDF1-006D5488B8FC}.Release|Any CPU.ActiveCfg = Release|Any CPU
		{24C2323A-56B9-45EF-BDF1-006D5488B8FC}.Release|Any CPU.Build.0 = Release|Any CPU
		{2135AD72-004A-4627-A623-F68FC91C9C92}.Debug|Any CPU.ActiveCfg = Debug|Any CPU
		{2135AD72-004A-4627-A623-F68FC91C9C92}.Debug|Any CPU.Build.0 = Debug|Any CPU
		{2135AD72-004A-4627-A623-F68FC91C9C92}.Release|Any CPU.ActiveCfg = Release|Any CPU
		{2135AD72-004A-4627-A623-F68FC91C9C92}.Release|Any CPU.Build.0 = Release|Any CPU
	EndGlobalSection
EndGlobal
